
Microsoft Visual Studio Solution File, Format Version 12.00
# Visual Studio 15
VisualStudioVersion = 15.0.28307.1340
MinimumVisualStudioVersion = 10.0.40219.1
Project("{8BC9CEB8-8B4A-11D0-8D11-00A0C91BC942}") = "SquareCubeFunc", "SquareCubeFunc\SquareCubeFunc.vcxproj", "{E9131837-8393-42B4-91D3-9C56E75D2DA7}"
EndProject
Global
	GlobalSection(SolutionConfigurationPlatforms) = preSolution
		Debug|x64 = Debug|x64
		Debug|x86 = Debug|x86
		Release|x64 = Release|x64
		Release|x86 = Release|x86
	EndGlobalSection
	GlobalSection(ProjectConfigurationPlatforms) = postSolution
		{E9131837-8393-42B4-91D3-9C56E75D2DA7}.Debug|x64.ActiveCfg = Debug|x64
		{E9131837-8393-42B4-91D3-9C56E75D2DA7}.Debug|x64.Build.0 = Debug|x64
		{E9131837-8393-42B4-91D3-9C56E75D2DA7}.Debug|x86.ActiveCfg = Debug|Win32
		{E9131837-8393-42B4-91D3-9C56E75D2DA7}.Debug|x86.Build.0 = Debug|Win32
		{E9131837-8393-42B4-91D3-9C56E75D2DA7}.Release|x64.ActiveCfg = Release|x64
		{E9131837-8393-42B4-91D3-9C56E75D2DA7}.Release|x64.Build.0 = Release|x64
		{E9131837-8393-42B4-91D3-9C56E75D2DA7}.Release|x86.ActiveCfg = Release|Win32
		{E9131837-8393-42B4-91D3-9C56E75D2DA7}.Release|x86.Build.0 = Release|Win32
	EndGlobalSection
	GlobalSection(SolutionProperties) = preSolution
		HideSolutionNode = FALSE
	EndGlobalSection
	GlobalSection(ExtensibilityGlobals) = postSolution
		SolutionGuid = {75FB93EC-2790-41A4-BF47-02209615636A}
	EndGlobalSection
EndGlobal
